
Microsoft Visual Studio Solution File, Format Version 12.00
# Visual Studio Version 17
VisualStudioVersion = 17.14.36221.1 d17.14
MinimumVisualStudioVersion = 10.0.40219.1
Project("{FAE04EC0-301F-11D3-BF4B-00C04F79EFBC}") = "WebApiwithSwagger", "WebApiwithSwagger.csproj", "{9CA8192A-731F-4C3C-B427-70AD8B05C27B}"
EndProject
Global
	GlobalSection(SolutionConfigurationPlatforms) = preSolution
		Debug|Any CPU = Debug|Any CPU
		Release|Any CPU = Release|Any CPU
	EndGlobalSection
	GlobalSection(ProjectConfigurationPlatforms) = postSolution
		{9CA8192A-731F-4C3C-B427-70AD8B05C27B}.Debug|Any CPU.ActiveCfg = Debug|Any CPU
		{9CA8192A-731F-4C3C-B427-70AD8B05C27B}.Debug|Any CPU.Build.0 = Debug|Any CPU
		{9CA8192A-731F-4C3C-B427-70AD8B05C27B}.Release|Any CPU.ActiveCfg = Release|Any CPU
		{9CA8192A-731F-4C3C-B427-70AD8B05C27B}.Release|Any CPU.Build.0 = Release|Any CPU
	EndGlobalSection
	GlobalSection(SolutionProperties) = preSolution
		HideSolutionNode = FALSE
	EndGlobalSection
	GlobalSection(ExtensibilityGlobals) = postSolution
		SolutionGuid = {707FFE8B-8DA1-4B0D-9187-E8CE6DD2B525}
	EndGlobalSection
EndGlobal
